
Microsoft Visual Studio Solution File, Format Version 12.00
# Visual Studio Version 17
VisualStudioVersion = 17.5.33424.131
MinimumVisualStudioVersion = 10.0.40219.1
Project("{F184B08F-C81C-45F6-A57F-5ABD9991F28F}") = "foundation", "foundation\foundation.vbproj", "{AC4A1C74-3FAD-4BFB-8D23-FC1F1E69C10F}"
EndProject
Global
	GlobalSection(SolutionConfigurationPlatforms) = preSolution
		Debug|Any CPU = Debug|Any CPU
		Release|Any CPU = Release|Any CPU
	EndGlobalSection
	GlobalSection(ProjectConfigurationPlatforms) = postSolution
		{AC4A1C74-3FAD-4BFB-8D23-FC1F1E69C10F}.Debug|Any CPU.ActiveCfg = Debug|Any CPU
		{AC4A1C74-3FAD-4BFB-8D23-FC1F1E69C10F}.Debug|Any CPU.Build.0 = Debug|Any CPU
		{AC4A1C74-3FAD-4BFB-8D23-FC1F1E69C10F}.Release|Any CPU.ActiveCfg = Release|Any CPU
		{AC4A1C74-3FAD-4BFB-8D23-FC1F1E69C10F}.Release|Any CPU.Build.0 = Release|Any CPU
	EndGlobalSection
	GlobalSection(SolutionProperties) = preSolution
		HideSolutionNode = FALSE
	EndGlobalSection
	GlobalSection(ExtensibilityGlobals) = postSolution
		SolutionGuid = {342DBEF1-0217-4D79-8F37-8CD4BD52A0FB}
	EndGlobalSection
EndGlobal
